
Microsoft Visual Studio Solution File, Format Version 12.00
# Visual Studio Version 16
VisualStudioVersion = 16.0.31424.327
MinimumVisualStudioVersion = 10.0.40219.1
Project("{FAE04EC0-301F-11D3-BF4B-00C04F79EFBC}") = "MyApplication.Android", "MyApplication\MyApplication.Android\MyApplication.Android.csproj", "{C3834775-7D8F-4FD6-ABCF-08170BB051F0}"
EndProject
Project("{FAE04EC0-301F-11D3-BF4B-00C04F79EFBC}") = "MyApplication.iOS", "MyApplication\MyApplication.iOS\MyApplication.iOS.csproj", "{845ABB80-07E7-44CB-97DE-D844D71793A1}"
EndProject
Project("{FAE04EC0-301F-11D3-BF4B-00C04F79EFBC}") = "MyApplication", "MyApplication\MyApplication\MyApplication.csproj", "{713318B9-14D0-4B41-875D-2A703400B465}"
EndProject
Global
	GlobalSection(SolutionConfigurationPlatforms) = preSolution
		Debug|Any CPU = Debug|Any CPU
		Debug|iPhone = Debug|iPhone
		Debug|iPhoneSimulator = Debug|iPhoneSimulator
		Release|Any CPU = Release|Any CPU
		Release|iPhone = Release|iPhone
		Release|iPhoneSimulator = Release|iPhoneSimulator
	EndGlobalSection
	GlobalSection(ProjectConfigurationPlatforms) = postSolution
		{C3834775-7D8F-4FD6-ABCF-08170BB051F0}.Debug|Any CPU.ActiveCfg = Debug|Any CPU
		{C3834775-7D8F-4FD6-ABCF-08170BB051F0}.Debug|Any CPU.Build.0 = Debug|Any CPU
		{C3834775-7D8F-4FD6-ABCF-08170BB051F0}.Debug|Any CPU.Deploy.0 = Debug|Any CPU
		{C3834775-7D8F-4FD6-ABCF-08170BB051F0}.Debug|iPhone.ActiveCfg = Debug|Any CPU
		{C3834775-7D8F-4FD6-ABCF-08170BB051F0}.Debug|iPhone.Build.0 = Debug|Any CPU
		{C3834775-7D8F-4FD6-ABCF-08170BB051F0}.Debug|iPhone.Deploy.0 = Debug|Any CPU
		{C3834775-7D8F-4FD6-ABCF-08170BB051F0}.Debug|iPhoneSimulator.ActiveCfg = Debug|Any CPU
		{C3834775-7D8F-4FD6-ABCF-08170BB051F0}.Debug|iPhoneSimulator.Build.0 = Debug|Any CPU
		{C3834775-7D8F-4FD6-ABCF-08170BB051F0}.Debug|iPhoneSimulator.Deploy.0 = Debug|Any CPU
		{C3834775-7D8F-4FD6-ABCF-08170BB051F0}.Release|Any CPU.ActiveCfg = Release|Any CPU
		{C3834775-7D8F-4FD6-ABCF-08170BB051F0}.Release|Any CPU.Build.0 = Release|Any CPU
		{C3834775-7D8F-4FD6-ABCF-08170BB051F0}.Release|Any CPU.Deploy.0 = Release|Any CPU
		{C3834775-7D8F-4FD6-ABCF-08170BB051F0}.Release|iPhone.ActiveCfg = Release|Any CPU
		{C3834775-7D8F-4FD6-ABCF-08170BB051F0}.Release|iPhone.Build.0 = Release|Any CPU
		{C3834775-7D8F-4FD6-ABCF-08170BB051F0}.Release|iPhone.Deploy.0 = Release|Any CPU
		{C3834775-7D8F-4FD6-ABCF-08170BB051F0}.Release|iPhoneSimulator.ActiveCfg = Release|Any CPU
		{C3834775-7D8F-4FD6-ABCF-08170BB051F0}.Release|iPhoneSimulator.Build.0 = Release|Any CPU
		{C3834775-7D8F-4FD6-ABCF-08170BB051F0}.Release|iPhoneSimulator.Deploy.0 = Release|Any CPU
		{845ABB80-07E7-44CB-97DE-D844D71793A1}.Debug|Any CPU.ActiveCfg = Debug|iPhone
		{845ABB80-07E7-44CB-97DE-D844D71793A1}.Debug|Any CPU.Build.0 = Debug|iPhone
		{845ABB80-07E7-44CB-97DE-D844D71793A1}.Debug|Any CPU.Deploy.0 = Debug|iPhone
		{845ABB80-07E7-44CB-97DE-D844D71793A1}.Debug|iPhone.ActiveCfg = Debug|iPhone
		{845ABB80-07E7-44CB-97DE-D844D71793A1}.Debug|iPhone.Build.0 = Debug|iPhone
		{845ABB80-07E7-44CB-97DE-D844D71793A1}.Debug|iPhone.Deploy.0 = Debug|iPhone
		{845ABB80-07E7-44CB-97DE-D844D71793A1}.Debug|iPhoneSimulator.ActiveCfg = Debug|iPhoneSimulator
		{845ABB80-07E7-44CB-97DE-D844D71793A1}.Debug|iPhoneSimulator.Build.0 = Debug|iPhoneSimulator
		{845ABB80-07E7-44CB-97DE-D844D71793A1}.Debug|iPhoneSimulator.Deploy.0 = Debug|iPhoneSimulator
		{845ABB80-07E7-44CB-97DE-D844D71793A1}.Release|Any CPU.ActiveCfg = Release|iPhoneSimulator
		{845ABB80-07E7-44CB-97DE-D844D71793A1}.Release|Any CPU.Build.0 = Release|iPhoneSimulator
		{845ABB80-07E7-44CB-97DE-D844D71793A1}.Release|Any CPU.Deploy.0 = Release|iPhoneSimulator
		{845ABB80-07E7-44CB-97DE-D844D71793A1}.Release|iPhone.ActiveCfg = Release|iPhone
		{845ABB80-07E7-44CB-97DE-D844D71793A1}.Release|iPhone.Build.0 = Release|iPhone
		{845ABB80-07E7-44CB-97DE-D844D71793A1}.Release|iPhone.Deploy.0 = Release|iPhone
		{845ABB80-07E7-44CB-97DE-D844D71793A1}.Release|iPhoneSimulator.ActiveCfg = Release|iPhoneSimulator
		{845ABB80-07E7-44CB-97DE-D844D71793A1}.Release|iPhoneSimulator.Build.0 = Release|iPhoneSimulator
		{845ABB80-07E7-44CB-97DE-D844D71793A1}.Release|iPhoneSimulator.Deploy.0 = Release|iPhoneSimulator
		{713318B9-14D0-4B41-875D-2A703400B465}.Debug|Any CPU.ActiveCfg = Debug|Any CPU
		{713318B9-14D0-4B41-875D-2A703400B465}.Debug|Any CPU.Build.0 = Debug|Any CPU
		{713318B9-14D0-4B41-875D-2A703400B465}.Debug|Any CPU.Deploy.0 = Debug|Any CPU
		{713318B9-14D0-4B41-875D-2A703400B465}.Debug|iPhone.ActiveCfg = Debug|Any CPU
		{713318B9-14D0-4B41-875D-2A703400B465}.Debug|iPhone.Build.0 = Debug|Any CPU
		{713318B9-14D0-4B41-875D-2A703400B465}.Debug|iPhone.Deploy.0 = Debug|Any CPU
		{713318B9-14D0-4B41-875D-2A703400B465}.Debug|iPhoneSimulator.ActiveCfg = Debug|Any CPU
		{713318B9-14D0-4B41-875D-2A703400B465}.Debug|iPhoneSimulator.Build.0 = Debug|Any CPU
		{713318B9-14D0-4B41-875D-2A703400B465}.Debug|iPhoneSimulator.Deploy.0 = Debug|Any CPU
		{713318B9-14D0-4B41-875D-2A703400B465}.Release|Any CPU.ActiveCfg = Release|Any CPU
		{713318B9-14D0-4B41-875D-2A703400B465}.Release|Any CPU.Build.0 = Release|Any CPU
		{713318B9-14D0-4B41-875D-2A703400B465}.Release|Any CPU.Deploy.0 = Release|Any CPU
		{713318B9-14D0-4B41-875D-2A703400B465}.Release|iPhone.ActiveCfg = Release|Any CPU
		{713318B9-14D0-4B41-875D-2A703400B465}.Release|iPhone.Build.0 = Release|Any CPU
		{713318B9-14D0-4B41-875D-2A703400B465}.Release|iPhone.Deploy.0 = Release|Any CPU
		{713318B9-14D0-4B41-875D-2A703400B465}.Release|iPhoneSimulator.ActiveCfg = Release|Any CPU
		{713318B9-14D0-4B41-875D-2A703400B465}.Release|iPhoneSimulator.Build.0 = Release|Any CPU
		{713318B9-14D0-4B41-875D-2A703400B465}.Release|iPhoneSimulator.Deploy.0 = Release|Any CPU
	EndGlobalSection
	GlobalSection(SolutionProperties) = preSolution
		HideSolutionNode = FALSE
	EndGlobalSection
	GlobalSection(ExtensibilityGlobals) = postSolution
		SolutionGuid = {3291A08D-D149-44BD-B25A-77CB688C9B03}
	EndGlobalSection
EndGlobal
